// !$*UTF8*$!
{
	archiveVersion = 1;
	classes = {
	};
	objectVersion = 50;
	objects = {

/* Begin PBXBuildFile section */
		C433640123A833ED00CE2BEA /* ViewController.swift in Sources */ = {isa = PBXBuildFile; fileRef = C433640023A833ED00CE2BEA /* ViewController.swift */; };
		C433640C23AA120E00CE2BEA /* QuotesLibrary.json in Resources */ = {isa = PBXBuildFile; fileRef = C433640B23AA120E00CE2BEA /* QuotesLibrary.json */; };
		C43D445223A47018005B2458 /* AppDelegate.swift in Sources */ = {isa = PBXBuildFile; fileRef = C43D445123A47018005B2458 /* AppDelegate.swift */; };
		C43D445423A47018005B2458 /* SceneDelegate.swift in Sources */ = {isa = PBXBuildFile; fileRef = C43D445323A47018005B2458 /* SceneDelegate.swift */; };
		C43D445923A47018005B2458 /* Main.storyboard in Resources */ = {isa = PBXBuildFile; fileRef = C43D445723A47018005B2458 /* Main.storyboard */; };
		C43D445B23A4701C005B2458 /* Assets.xcassets in Resources */ = {isa = PBXBuildFile; fileRef = C43D445A23A4701C005B2458 /* Assets.xcassets */; };
		C43D445E23A4701C005B2458 /* LaunchScreen.storyboard in Resources */ = {isa = PBXBuildFile; fileRef = C43D445C23A4701C005B2458 /* LaunchScreen.storyboard */; };
		C43D446723A47138005B2458 /* QuoteCollectionViewController.swift in Sources */ = {isa = PBXBuildFile; fileRef = C43D446623A47138005B2458 /* QuoteCollectionViewController.swift */; };
		C43D446A23A47E67005B2458 /* Quote.swift in Sources */ = {isa = PBXBuildFile; fileRef = C43D446923A47E67005B2458 /* Quote.swift */; };
		C43D446D23A48677005B2458 /* QuoteCell.swift in Sources */ = {isa = PBXBuildFile; fileRef = C43D446C23A48677005B2458 /* QuoteCell.swift */; };
/* End PBXBuildFile section */

/* Begin PBXFileReference section */
		C433640023A833ED00CE2BEA /* ViewController.swift */ = {isa = PBXFileReference; lastKnownFileType = sourcecode.swift; path = ViewController.swift; sourceTree = "<group>"; };
		C433640B23AA120E00CE2BEA /* QuotesLibrary.json */ = {isa = PBXFileReference; fileEncoding = 4; lastKnownFileType = text.json; path = QuotesLibrary.json; sourceTree = "<group>"; };
		C43D444E23A47018005B2458 /* andIQuote.app */ = {isa = PBXFileReference; explicitFileType = wrapper.application; includeInIndex = 0; path = andIQuote.app; sourceTree = BUILT_PRODUCTS_DIR; };
		C43D445123A47018005B2458 /* AppDelegate.swift */ = {isa = PBXFileReference; lastKnownFileType = sourcecode.swift; path = AppDelegate.swift; sourceTree = "<group>"; };
		C43D445323A47018005B2458 /* SceneDelegate.swift */ = {isa = PBXFileReference; lastKnownFileType = sourcecode.swift; path = SceneDelegate.swift; sourceTree = "<group>"; };
		C43D445823A47018005B2458 /* Base */ = {isa = PBXFileReference; lastKnownFileType = file.storyboard; name = Base; path = Base.lproj/Main.storyboard; sourceTree = "<group>"; };
		C43D445A23A4701C005B2458 /* Assets.xcassets */ = {isa = PBXFileReference; lastKnownFileType = folder.assetcatalog; path = Assets.xcassets; sourceTree = "<group>"; };
		C43D445D23A4701C005B2458 /* Base */ = {isa = PBXFileReference; lastKnownFileType = file.storyboard; name = Base; path = Base.lproj/LaunchScreen.storyboard; sourceTree = "<group>"; };
		C43D445F23A4701C005B2458 /* Info.plist */ = {isa = PBXFileReference; lastKnownFileType = text.plist.xml; path = Info.plist; sourceTree = "<group>"; };
		C43D446623A47138005B2458 /* QuoteCollectionViewController.swift */ = {isa = PBXFileReference; lastKnownFileType = sourcecode.swift; path = QuoteCollectionViewController.swift; sourceTree = "<group>"; };
		C43D446923A47E67005B2458 /* Quote.swift */ = {isa = PBXFileReference; lastKnownFileType = sourcecode.swift; path = Quote.swift; sourceTree = "<group>"; };
		C43D446C23A48677005B2458 /* QuoteCell.swift */ = {isa = PBXFileReference; lastKnownFileType = sourcecode.swift; path = QuoteCell.swift; sourceTree = "<group>"; };
		C4FF08B923A7221A00230111 /* MyPlayground.playground */ = {isa = PBXFileReference; lastKnownFileType = file.playground; path = MyPlayground.playground; sourceTree = "<group>"; xcLanguageSpecificationIdentifier = xcode.lang.swift; };
/* End PBXFileReference section */

/* Begin PBXFrameworksBuildPhase section */
		C43D444B23A47018005B2458 /* Frameworks */ = {
			isa = PBXFrameworksBuildPhase;
			buildActionMask = 2147483647;
			files = (
			);
			runOnlyForDeploymentPostprocessing = 0;
		};
/* End PBXFrameworksBuildPhase section */

/* Begin PBXGroup section */
		C43D444523A47018005B2458 = {
			isa = PBXGroup;
			children = (
				C4FF08B923A7221A00230111 /* MyPlayground.playground */,
				C43D445023A47018005B2458 /* andIQuote */,
				C43D444F23A47018005B2458 /* Products */,
			);
			sourceTree = "<group>";
		};
		C43D444F23A47018005B2458 /* Products */ = {
			isa = PBXGroup;
			children = (
				C43D444E23A47018005B2458 /* andIQuote.app */,
			);
			name = Products;
			sourceTree = "<group>";
		};
		C43D445023A47018005B2458 /* andIQuote */ = {
			isa = PBXGroup;
			children = (
				C43D445123A47018005B2458 /* AppDelegate.swift */,
				C43D445323A47018005B2458 /* SceneDelegate.swift */,
				C43D446B23A47ED7005B2458 /* Model */,
				C43D446E23A4867F005B2458 /* Views */,
				C43D446823A4713F005B2458 /* View Controllers */,
				C43D446523A4705C005B2458 /* Resources */,
			);
			path = andIQuote;
			sourceTree = "<group>";
		};
		C43D446523A4705C005B2458 /* Resources */ = {
			isa = PBXGroup;
			children = (
				C43D445723A47018005B2458 /* Main.storyboard */,
				C43D445C23A4701C005B2458 /* LaunchScreen.storyboard */,
				C43D445A23A4701C005B2458 /* Assets.xcassets */,
				C43D445F23A4701C005B2458 /* Info.plist */,
				C433640B23AA120E00CE2BEA /* QuotesLibrary.json */,
			);
			path = Resources;
			sourceTree = "<group>";
		};
		C43D446823A4713F005B2458 /* View Controllers */ = {
			isa = PBXGroup;
			children = (
				C43D446623A47138005B2458 /* QuoteCollectionViewController.swift */,
				C433640023A833ED00CE2BEA /* ViewController.swift */,
			);
			path = "View Controllers";
			sourceTree = "<group>";
		};
		C43D446B23A47ED7005B2458 /* Model */ = {
			isa = PBXGroup;
			children = (
				C43D446923A47E67005B2458 /* Quote.swift */,
			);
			path = Model;
			sourceTree = "<group>";
		};
		C43D446E23A4867F005B2458 /* Views */ = {
			isa = PBXGroup;
			children = (
				C43D446C23A48677005B2458 /* QuoteCell.swift */,
			);
			path = Views;
			sourceTree = "<group>";
		};
/* End PBXGroup section */

/* Begin PBXNativeTarget section */
		C43D444D23A47018005B2458 /* andIQuote */ = {
			isa = PBXNativeTarget;
			buildConfigurationList = C43D446223A4701C005B2458 /* Build configuration list for PBXNativeTarget "andIQuote" */;
			buildPhases = (
				C43D444A23A47018005B2458 /* Sources */,
				C43D444B23A47018005B2458 /* Frameworks */,
				C43D444C23A47018005B2458 /* Resources */,
			);
			buildRules = (
			);
			dependencies = (
			);
			name = andIQuote;
			packageProductDependencies = (
			);
			productName = andIQuote;
			productReference = C43D444E23A47018005B2458 /* andIQuote.app */;
			productType = "com.apple.product-type.application";
		};
/* End PBXNativeTarget section */

/* Begin PBXProject section */
		C43D444623A47018005B2458 /* Project object */ = {
			isa = PBXProject;
			attributes = {
				LastSwiftUpdateCheck = 1130;
				LastUpgradeCheck = 1130;
				ORGANIZATIONNAME = Hector;
				TargetAttributes = {
					C43D444D23A47018005B2458 = {
						CreatedOnToolsVersion = 11.3;
					};
				};
			};
			buildConfigurationList = C43D444923A47018005B2458 /* Build configuration list for PBXProject "andIQuote" */;
			compatibilityVersion = "Xcode 9.3";
			developmentRegion = en;
			hasScannedForEncodings = 0;
			knownRegions = (
				en,
				Base,
			);
			mainGroup = C43D444523A47018005B2458;
			packageReferences = (
			);
			productRefGroup = C43D444F23A47018005B2458 /* Products */;
			projectDirPath = "";
			projectRoot = "";
			targets = (
				C43D444D23A47018005B2458 /* andIQuote */,
			);
		};
/* End PBXProject section */

/* Begin PBXResourcesBuildPhase section */
		C43D444C23A47018005B2458 /* Resources */ = {
			isa = PBXResourcesBuildPhase;
			buildActionMask = 2147483647;
			files = (
				C433640C23AA120E00CE2BEA /* QuotesLibrary.json in Resources */,
				C43D445E23A4701C005B2458 /* LaunchScreen.storyboard in Resources */,
				C43D445B23A4701C005B2458 /* Assets.xcassets in Resources */,
				C43D445923A47018005B2458 /* Main.storyboard in Resources */,
			);
			runOnlyForDeploymentPostprocessing = 0;
		};
/* End PBXResourcesBuildPhase section */

/* Begin PBXSourcesBuildPhase section */
		C43D444A23A47018005B2458 /* Sources */ = {
			isa = PBXSourcesBuildPhase;
			buildActionMask = 2147483647;
			files = (
				C433640123A833ED00CE2BEA /* ViewController.swift in Sources */,
				C43D446A23A47E67005B2458 /* Quote.swift in Sources */,
				C43D446723A47138005B2458 /* QuoteCollectionViewController.swift in Sources */,
				C43D446D23A48677005B2458 /* QuoteCell.swift in Sources */,
				C43D445223A47018005B2458 /* AppDelegate.swift in Sources */,
				C43D445423A47018005B2458 /* SceneDelegate.swift in Sources */,
			);
			runOnlyForDeploymentPostprocessing = 0;
		};
/* End PBXSourcesBuildPhase section */

/* Begin PBXVariantGroup section */
		C43D445723A47018005B2458 /* Main.storyboard */ = {
			isa = PBXVariantGroup;
			children = (
				C43D445823A47018005B2458 /* Base */,
			);
			name = Main.storyboard;
			sourceTree = "<group>";
		};
		C43D445C23A4701C005B2458 /* LaunchScreen.storyboard */ = {
			isa = PBXVariantGroup;
			children = (
				C43D445D23A4701C005B2458 /* Base */,
			);
			name = LaunchScreen.storyboard;
			sourceTree = "<group>";
		};
/* End PBXVariantGroup section */

/* Begin XCBuildConfiguration section */
		C43D446023A4701C005B2458 /* Debug */ = {
			isa = XCBuildConfiguration;
			buildSettings = {
				ALWAYS_SEARCH_USER_PATHS = NO;
				CLANG_ANALYZER_NONNULL = YES;
				CLANG_ANALYZER_NUMBER_OBJECT_CONVERSION = YES_AGGRESSIVE;
				CLANG_CXX_LANGUAGE_STANDARD = "gnu++14";
				CLANG_CXX_LIBRARY = "libc++";
				CLANG_ENABLE_MODULES = YES;
				CLANG_ENABLE_OBJC_ARC = YES;
				CLANG_ENABLE_OBJC_WEAK = YES;
				CLANG_WARN_BLOCK_CAPTURE_AUTORELEASING = YES;
				CLANG_WARN_BOOL_CONVERSION = YES;
				CLANG_WARN_COMMA = YES;
				CLANG_WARN_CONSTANT_CONVERSION = YES;
				CLANG_WARN_DEPRECATED_OBJC_IMPLEMENTATIONS = YES;
				CLANG_WARN_DIRECT_OBJC_ISA_USAGE = YES_ERROR;
				CLANG_WARN_DOCUMENTATION_COMMENTS = YES;
				CLANG_WARN_EMPTY_BODY = YES;
				CLANG_WARN_ENUM_CONVERSION = YES;
				CLANG_WARN_INFINITE_RECURSION = YES;
				CLANG_WARN_INT_CONVERSION = YES;
				CLANG_WARN_NON_LITERAL_NULL_CONVERSION = YES;
				CLANG_WARN_OBJC_IMPLICIT_RETAIN_SELF = YES;
				CLANG_WARN_OBJC_LITERAL_CONVERSION = YES;
				CLANG_WARN_OBJC_ROOT_CLASS = YES_ERROR;
				CLANG_WARN_RANGE_LOOP_ANALYSIS = YES;
				CLANG_WARN_STRICT_PROTOTYPES = YES;
				CLANG_WARN_SUSPICIOUS_MOVE = YES;
				CLANG_WARN_UNGUARDED_AVAILABILITY = YES_AGGRESSIVE;
				CLANG_WARN_UNREACHABLE_CODE = YES;
				CLANG_WARN__DUPLICATE_METHOD_MATCH = YES;
				COPY_PHASE_STRIP = NO;
				DEBUG_INFORMATION_FORMAT = dwarf;
				ENABLE_STRICT_OBJC_MSGSEND = YES;
				ENABLE_TESTABILITY = YES;
				GCC_C_LANGUAGE_STANDARD = gnu11;
				GCC_DYNAMIC_NO_PIC = NO;
				GCC_NO_COMMON_BLOCKS = YES;
				GCC_OPTIMIZATION_LEVEL = 0;
				GCC_PREPROCESSOR_DEFINITIONS = (
					"DEBUG=1",
					"$(inherited)",
				);
				GCC_WARN_64_TO_32_BIT_CONVERSION = YES;
				GCC_WARN_ABOUT_RETURN_TYPE = YES_ERROR;
				GCC_WARN_UNDECLARED_SELECTOR = YES;
				GCC_WARN_UNINITIALIZED_AUTOS = YES_AGGRESSIVE;
				GCC_WARN_UNUSED_FUNCTION = YES;
				GCC_WARN_UNUSED_VARIABLE = YES;
				IPHONEOS_DEPLOYMENT_TARGET = 13.2;
				MTL_ENABLE_DEBUG_INFO = INCLUDE_SOURCE;
				MTL_FAST_MATH = YES;
				ONLY_ACTIVE_ARCH = YES;
				SDKROOT = iphoneos;
				SWIFT_ACTIVE_COMPILATION_CONDITIONS = DEBUG;
				SWIFT_OPTIMIZATION_LEVEL = "-Onone";
			};
			name = Debug;
		};
		C43D446123A4701C005B2458 /* Release */ = {
			isa = XCBuildConfiguration;
			buildSettings = {
				ALWAYS_SEARCH_USER_PATHS = NO;
				CLANG_ANALYZER_NONNULL = YES;
				CLANG_ANALYZER_NUMBER_OBJECT_CONVERSION = YES_AGGRESSIVE;
				CLANG_CXX_LANGUAGE_STANDARD = "gnu++14";
				CLANG_CXX_LIBRARY = "libc++";
				CLANG_ENABLE_MODULES = YES;
				CLANG_ENABLE_OBJC_ARC = YES;
				CLANG_ENABLE_OBJC_WEAK = YES;
				CLANG_WARN_BLOCK_CAPTURE_AUTORELEASING = YES;
				CLANG_WARN_BOOL_CONVERSION = YES;
				CLANG_WARN_COMMA = YES;
				CLANG_WARN_CONSTANT_CONVERSION = YES;
				CLANG_WARN_DEPRECATED_OBJC_IMPLEMENTATIONS = YES;
				CLANG_WARN_DIRECT_OBJC_ISA_USAGE = YES_ERROR;
				CLANG_WARN_DOCUMENTATION_COMMENTS = YES;
				CLANG_WARN_EMPTY_BODY = YES;
				CLANG_WARN_ENUM_CONVERSION = YES;
				CLANG_WARN_INFINITE_RECURSION = YES;
				CLANG_WARN_INT_CONVERSION = YES;
				CLANG_WARN_NON_LITERAL_NULL_CONVERSION = YES;
				CLANG_WARN_OBJC_IMPLICIT_RETAIN_SELF = YES;
				CLANG_WARN_OBJC_LITERAL_CONVERSION = YES;
				CLANG_WARN_OBJC_ROOT_CLASS = YES_ERROR;
				CLANG_WARN_RANGE_LOOP_ANALYSIS = YES;
				CLANG_WARN_STRICT_PROTOTYPES = YES;
				CLANG_WARN_SUSPICIOUS_MOVE = YES;
				CLANG_WARN_UNGUARDED_AVAILABILITY = YES_AGGRESSIVE;
				CLANG_WARN_UNREACHABLE_CODE = YES;
				CLANG_WARN__DUPLICATE_METHOD_MATCH = YES;
				COPY_PHASE_STRIP = NO;
				DEBUG_INFORMATION_FORMAT = "dwarf-with-dsym";
				ENABLE_NS_ASSERTIONS = NO;
				ENABLE_STRICT_OBJC_MSGSEND = YES;
				GCC_C_LANGUAGE_STANDARD = gnu11;
				GCC_NO_COMMON_BLOCKS = YES;
				GCC_WARN_64_TO_32_BIT_CONVERSION = YES;
				GCC_WARN_ABOUT_RETURN_TYPE = YES_ERROR;
				GCC_WARN_UNDECLARED_SELECTOR = YES;
				GCC_WARN_UNINITIALIZED_AUTOS = YES_AGGRESSIVE;
				GCC_WARN_UNUSED_FUNCTION = YES;
				GCC_WARN_UNUSED_VARIABLE = YES;
				IPHONEOS_DEPLOYMENT_TARGET = 13.2;
				MTL_ENABLE_DEBUG_INFO = NO;
				MTL_FAST_MATH = YES;
				SDKROOT = iphoneos;
				SWIFT_COMPILATION_MODE = wholemodule;
				SWIFT_OPTIMIZATION_LEVEL = "-O";
				VALIDATE_PRODUCT = YES;
			};
			name = Release;
		};
		C43D446323A4701C005B2458 /* Debug */ = {
			isa = XCBuildConfiguration;
			buildSettings = {
				ASSETCATALOG_COMPILER_APPICON_NAME = AppIcon;
				CODE_SIGN_STYLE = Automatic;
				DEVELOPMENT_TEAM = 97AS6JS382;
				INFOPLIST_FILE = andIQuote/Resources/Info.plist;
				LD_RUNPATH_SEARCH_PATHS = (
					"$(inherited)",
					"@executable_path/Frameworks",
				);
				PRODUCT_BUNDLE_IDENTIFIER = com.hectorstevenvillasano.andIQuote;
				PRODUCT_NAME = "$(TARGET_NAME)";
				SWIFT_VERSION = 5.0;
				TARGETED_DEVICE_FAMILY = "1,2";
			};
			name = Debug;
		};
		C43D446423A4701C005B2458 /* Release */ = {
			isa = XCBuildConfiguration;
			buildSettings = {
				ASSETCATALOG_COMPILER_APPICON_NAME = AppIcon;
				CODE_SIGN_STYLE = Automatic;
				DEVELOPMENT_TEAM = 97AS6JS382;
				INFOPLIST_FILE = andIQuote/Resources/Info.plist;
				LD_RUNPATH_SEARCH_PATHS = (
					"$(inherited)",
					"@executable_path/Frameworks",
				);
				PRODUCT_BUNDLE_IDENTIFIER = com.hectorstevenvillasano.andIQuote;
				PRODUCT_NAME = "$(TARGET_NAME)";
				SWIFT_VERSION = 5.0;
				TARGETED_DEVICE_FAMILY = "1,2";
			};
			name = Release;
		};
/* End XCBuildConfiguration section */

/* Begin XCConfigurationList section */
		C43D444923A47018005B2458 /* Build configuration list for PBXProject "andIQuote" */ = {
			isa = XCConfigurationList;
			buildConfigurations = (
				C43D446023A4701C005B2458 /* Debug */,
				C43D446123A4701C005B2458 /* Release */,
			);
			defaultConfigurationIsVisible = 0;
			defaultConfigurationName = Release;
		};
		C43D446223A4701C005B2458 /* Build configuration list for PBXNativeTarget "andIQuote" */ = {
			isa = XCConfigurationList;
			buildConfigurations = (
				C43D446323A4701C005B2458 /* Debug */,
				C43D446423A4701C005B2458 /* Release */,
			);
			defaultConfigurationIsVisible = 0;
			defaultConfigurationName = Release;
		};
/* End XCConfigurationList section */
	};
	rootObject = C43D444623A47018005B2458 /* Project object */;
}
