// !$*UTF8*$!
{
	archiveVersion = 1;
	classes = {
	};
	objectVersion = 51;
	objects = {

/* Begin PBXBuildFile section */
		0788B03A23C56820001D00E3 /* FirestoreController.swift in Sources */ = {isa = PBXBuildFile; fileRef = 0788B03923C56820001D00E3 /* FirestoreController.swift */; };
		0788B03E23C569C2001D00E3 /* OffLineQuotes.json in Resources */ = {isa = PBXBuildFile; fileRef = 0788B03D23C569C2001D00E3 /* OffLineQuotes.json */; };
		0EEDAEE7FD364532BBB8D121 /* Pods_andIQuote.framework in Frameworks */ = {isa = PBXBuildFile; fileRef = E7BFE5C6BC44102ACCA820D8 /* Pods_andIQuote.framework */; };
		12033B3123DA709800987E8E /* SlideMenuEventsDelegate.swift in Sources */ = {isa = PBXBuildFile; fileRef = 12033B3023DA709800987E8E /* SlideMenuEventsDelegate.swift */; };
		121B5F2823DE977E00569569 /* DailyReminderView.swift in Sources */ = {isa = PBXBuildFile; fileRef = 121B5F2723DE977E00569569 /* DailyReminderView.swift */; };
		122C915B23D6926F002045CE /* HomeControllerViewDelegate.swift in Sources */ = {isa = PBXBuildFile; fileRef = 122C915A23D6926F002045CE /* HomeControllerViewDelegate.swift */; };
		122C918623D775E7002045CE /* SelfConfiguringCell.swift in Sources */ = {isa = PBXBuildFile; fileRef = 122C918523D775E7002045CE /* SelfConfiguringCell.swift */; };
		122C919B23D90FFD002045CE /* SlideMenuItem.swift in Sources */ = {isa = PBXBuildFile; fileRef = 122C919A23D90FFD002045CE /* SlideMenuItem.swift */; };
		122F4B7D23D3EDC5004C2F34 /* MainContainerViewController.swift in Sources */ = {isa = PBXBuildFile; fileRef = 122F4B7C23D3EDC5004C2F34 /* MainContainerViewController.swift */; };
		122F4B8123D3EF36004C2F34 /* SlideMenuViewController.swift in Sources */ = {isa = PBXBuildFile; fileRef = 122F4B8023D3EF36004C2F34 /* SlideMenuViewController.swift */; };
		122F4B8323D5320D004C2F34 /* MenuCollectionViewCell.swift in Sources */ = {isa = PBXBuildFile; fileRef = 122F4B8223D5320C004C2F34 /* MenuCollectionViewCell.swift */; };
		124BDA6524020A1900BC1E9B /* ThemeViewControllerDelegate.swift in Sources */ = {isa = PBXBuildFile; fileRef = 124BDA6424020A1900BC1E9B /* ThemeViewControllerDelegate.swift */; };
		124EAFBE23DF95CF00047558 /* ReminderCellButtonPressedDelegate.swift in Sources */ = {isa = PBXBuildFile; fileRef = 124EAFBD23DF95CF00047558 /* ReminderCellButtonPressedDelegate.swift */; };
		12525E3923E2488B0010A663 /* QuoteCollectionViewController+Gestures.swift in Sources */ = {isa = PBXBuildFile; fileRef = 12525E3823E2488B0010A663 /* QuoteCollectionViewController+Gestures.swift */; };
		12870F052417F30800EF5DAE /* CreateQuoteViewController.swift in Sources */ = {isa = PBXBuildFile; fileRef = 12870F042417F30800EF5DAE /* CreateQuoteViewController.swift */; };
		12870F07241841D100EF5DAE /* SearchViewController.swift in Sources */ = {isa = PBXBuildFile; fileRef = 12870F06241841D100EF5DAE /* SearchViewController.swift */; };
		12A2B64723FBA0310086F585 /* ThemeViewController.swift in Sources */ = {isa = PBXBuildFile; fileRef = 12A2B64623FBA0310086F585 /* ThemeViewController.swift */; };
		12A76B5E23DD40B800026C28 /* DailyReminderViewController.swift in Sources */ = {isa = PBXBuildFile; fileRef = 12A76B5D23DD40B800026C28 /* DailyReminderViewController.swift */; };
		12A76B6023DD4A9500026C28 /* NSAttributeString+Strings.swift in Sources */ = {isa = PBXBuildFile; fileRef = 12A76B5F23DD4A9500026C28 /* NSAttributeString+Strings.swift */; };
		12AF1003241308170025B134 /* QuotesViewController.swift in Sources */ = {isa = PBXBuildFile; fileRef = 12AF1002241308170025B134 /* QuotesViewController.swift */; };
		12D72AAC23CD41C4000BECDC /* Quote.xcdatamodeld in Sources */ = {isa = PBXBuildFile; fileRef = 12D72AAA23CD41C4000BECDC /* Quote.xcdatamodeld */; };
		12D72AAF23CD42F7000BECDC /* Quote.swift in Sources */ = {isa = PBXBuildFile; fileRef = 12D72AAE23CD42F7000BECDC /* Quote.swift */; };
		12D72AB123CD4554000BECDC /* Quote+Convenience.swift in Sources */ = {isa = PBXBuildFile; fileRef = 12D72AB023CD4554000BECDC /* Quote+Convenience.swift */; };
		3B5A273624ABBF630031809B /* GoogleService-Info.plist in Resources */ = {isa = PBXBuildFile; fileRef = 3B5A273524ABBF630031809B /* GoogleService-Info.plist */; };
		3B75577124D8895300261269 /* AppColors.swift in Sources */ = {isa = PBXBuildFile; fileRef = 3B75577024D8895300261269 /* AppColors.swift */; };
		3B778ACE24D49EAD000731B1 /* andIQuoteUITests.swift in Sources */ = {isa = PBXBuildFile; fileRef = 3B778ACD24D49EAD000731B1 /* andIQuoteUITests.swift */; };
		3B83816124D4D9C80026962D /* andIQuoteUITests+Test.swift in Sources */ = {isa = PBXBuildFile; fileRef = 3B83816024D4D9C80026962D /* andIQuoteUITests+Test.swift */; };
		3B83816524D4DA9B0026962D /* andIQuoteUITests+UIElements.swift in Sources */ = {isa = PBXBuildFile; fileRef = 3B83816424D4DA9B0026962D /* andIQuoteUITests+UIElements.swift */; };
		C42EE0F423BEC6230045DF02 /* BackgroundCell.swift in Sources */ = {isa = PBXBuildFile; fileRef = C42EE0F323BEC6230045DF02 /* BackgroundCell.swift */; };
		C42EE0F923C285C50045DF02 /* QuoteUser.swift in Sources */ = {isa = PBXBuildFile; fileRef = C42EE0F823C285C50045DF02 /* QuoteUser.swift */; };
		C42EE0FB23C2E1D00045DF02 /* UIView+Extensions.swift in Sources */ = {isa = PBXBuildFile; fileRef = C42EE0FA23C2E1D00045DF02 /* UIView+Extensions.swift */; };
		C43D445223A47018005B2458 /* AppDelegate.swift in Sources */ = {isa = PBXBuildFile; fileRef = C43D445123A47018005B2458 /* AppDelegate.swift */; };
		C43D445423A47018005B2458 /* SceneDelegate.swift in Sources */ = {isa = PBXBuildFile; fileRef = C43D445323A47018005B2458 /* SceneDelegate.swift */; };
		C43D445B23A4701C005B2458 /* Assets.xcassets in Resources */ = {isa = PBXBuildFile; fileRef = C43D445A23A4701C005B2458 /* Assets.xcassets */; };
		C43D445E23A4701C005B2458 /* LaunchScreen.storyboard in Resources */ = {isa = PBXBuildFile; fileRef = C43D445C23A4701C005B2458 /* LaunchScreen.storyboard */; };
		C43D446723A47138005B2458 /* QuoteCollectionViewController.swift in Sources */ = {isa = PBXBuildFile; fileRef = C43D446623A47138005B2458 /* QuoteCollectionViewController.swift */; };
		C43D446D23A48677005B2458 /* QuoteCollectionViewCell.swift in Sources */ = {isa = PBXBuildFile; fileRef = C43D446C23A48677005B2458 /* QuoteCollectionViewCell.swift */; };
		C4F0E90E23AB3297005917A8 /* QuoteLibrary.swift in Sources */ = {isa = PBXBuildFile; fileRef = C4F0E90D23AB3297005917A8 /* QuoteLibrary.swift */; };
		C4F0E91023AB330D005917A8 /* QuoteController.swift in Sources */ = {isa = PBXBuildFile; fileRef = C4F0E90F23AB330D005917A8 /* QuoteController.swift */; };
		C4FB3EFF23BAE4A70041B1BD /* ThemeSettingsCollectionViewController.swift in Sources */ = {isa = PBXBuildFile; fileRef = C4FB3EFE23BAE4A70041B1BD /* ThemeSettingsCollectionViewController.swift */; };
		C4FB3F0123BBA8300041B1BD /* UIButton+SimpleButton.swift in Sources */ = {isa = PBXBuildFile; fileRef = C4FB3F0023BBA8300041B1BD /* UIButton+SimpleButton.swift */; };
		C4FB3F0523BBC37C0041B1BD /* UIImage+mainViewSymbolConfig.swift in Sources */ = {isa = PBXBuildFile; fileRef = C4FB3F0423BBC37C0041B1BD /* UIImage+mainViewSymbolConfig.swift */; };
/* End PBXBuildFile section */

/* Begin PBXContainerItemProxy section */
		3B778AD024D49EAD000731B1 /* PBXContainerItemProxy */ = {
			isa = PBXContainerItemProxy;
			containerPortal = C43D444623A47018005B2458 /* Project object */;
			proxyType = 1;
			remoteGlobalIDString = C43D444D23A47018005B2458;
			remoteInfo = andIQuote;
		};
/* End PBXContainerItemProxy section */

/* Begin PBXCopyFilesBuildPhase section */
		1231707F23D1402700EBF261 /* Embed App Extensions */ = {
			isa = PBXCopyFilesBuildPhase;
			buildActionMask = 2147483647;
			dstPath = "";
			dstSubfolderSpec = 13;
			files = (
			);
			name = "Embed App Extensions";
			runOnlyForDeploymentPostprocessing = 0;
		};
/* End PBXCopyFilesBuildPhase section */

/* Begin PBXFileReference section */
		0788B03923C56820001D00E3 /* FirestoreController.swift */ = {isa = PBXFileReference; lastKnownFileType = sourcecode.swift; path = FirestoreController.swift; sourceTree = "<group>"; };
		0788B03D23C569C2001D00E3 /* OffLineQuotes.json */ = {isa = PBXFileReference; fileEncoding = 4; lastKnownFileType = text.json; path = OffLineQuotes.json; sourceTree = "<group>"; };
		12033B3023DA709800987E8E /* SlideMenuEventsDelegate.swift */ = {isa = PBXFileReference; lastKnownFileType = sourcecode.swift; path = SlideMenuEventsDelegate.swift; sourceTree = "<group>"; };
		121B5F2723DE977E00569569 /* DailyReminderView.swift */ = {isa = PBXFileReference; lastKnownFileType = sourcecode.swift; path = DailyReminderView.swift; sourceTree = "<group>"; };
		122C915A23D6926F002045CE /* HomeControllerViewDelegate.swift */ = {isa = PBXFileReference; lastKnownFileType = sourcecode.swift; path = HomeControllerViewDelegate.swift; sourceTree = "<group>"; };
		122C918523D775E7002045CE /* SelfConfiguringCell.swift */ = {isa = PBXFileReference; lastKnownFileType = sourcecode.swift; path = SelfConfiguringCell.swift; sourceTree = "<group>"; };
		122C919A23D90FFD002045CE /* SlideMenuItem.swift */ = {isa = PBXFileReference; lastKnownFileType = sourcecode.swift; path = SlideMenuItem.swift; sourceTree = "<group>"; };
		122F4B7C23D3EDC5004C2F34 /* MainContainerViewController.swift */ = {isa = PBXFileReference; lastKnownFileType = sourcecode.swift; path = MainContainerViewController.swift; sourceTree = "<group>"; };
		122F4B8023D3EF36004C2F34 /* SlideMenuViewController.swift */ = {isa = PBXFileReference; lastKnownFileType = sourcecode.swift; path = SlideMenuViewController.swift; sourceTree = "<group>"; };
		122F4B8223D5320C004C2F34 /* MenuCollectionViewCell.swift */ = {isa = PBXFileReference; lastKnownFileType = sourcecode.swift; path = MenuCollectionViewCell.swift; sourceTree = "<group>"; };
		1231707023D1402700EBF261 /* NotificationCenter.framework */ = {isa = PBXFileReference; lastKnownFileType = wrapper.framework; name = NotificationCenter.framework; path = System/Library/Frameworks/NotificationCenter.framework; sourceTree = SDKROOT; };
		124BDA6424020A1900BC1E9B /* ThemeViewControllerDelegate.swift */ = {isa = PBXFileReference; lastKnownFileType = sourcecode.swift; path = ThemeViewControllerDelegate.swift; sourceTree = "<group>"; };
		124EAFBD23DF95CF00047558 /* ReminderCellButtonPressedDelegate.swift */ = {isa = PBXFileReference; lastKnownFileType = sourcecode.swift; path = ReminderCellButtonPressedDelegate.swift; sourceTree = "<group>"; };
		12525E3823E2488B0010A663 /* QuoteCollectionViewController+Gestures.swift */ = {isa = PBXFileReference; lastKnownFileType = sourcecode.swift; path = "QuoteCollectionViewController+Gestures.swift"; sourceTree = "<group>"; };
		12525E3A23E275B00010A663 /* andIQuote.entitlements */ = {isa = PBXFileReference; lastKnownFileType = text.plist.entitlements; path = andIQuote.entitlements; sourceTree = "<group>"; };
		12870F042417F30800EF5DAE /* CreateQuoteViewController.swift */ = {isa = PBXFileReference; lastKnownFileType = sourcecode.swift; path = CreateQuoteViewController.swift; sourceTree = "<group>"; };
		12870F06241841D100EF5DAE /* SearchViewController.swift */ = {isa = PBXFileReference; lastKnownFileType = sourcecode.swift; path = SearchViewController.swift; sourceTree = "<group>"; };
		12A2B64623FBA0310086F585 /* ThemeViewController.swift */ = {isa = PBXFileReference; lastKnownFileType = sourcecode.swift; path = ThemeViewController.swift; sourceTree = "<group>"; };
		12A76B5D23DD40B800026C28 /* DailyReminderViewController.swift */ = {isa = PBXFileReference; lastKnownFileType = sourcecode.swift; path = DailyReminderViewController.swift; sourceTree = "<group>"; };
		12A76B5F23DD4A9500026C28 /* NSAttributeString+Strings.swift */ = {isa = PBXFileReference; lastKnownFileType = sourcecode.swift; path = "NSAttributeString+Strings.swift"; sourceTree = "<group>"; };
		12AF1002241308170025B134 /* QuotesViewController.swift */ = {isa = PBXFileReference; lastKnownFileType = sourcecode.swift; path = QuotesViewController.swift; sourceTree = "<group>"; };
		12D72AAB23CD41C4000BECDC /* Quote.xcdatamodel */ = {isa = PBXFileReference; lastKnownFileType = wrapper.xcdatamodel; path = Quote.xcdatamodel; sourceTree = "<group>"; };
		12D72AAE23CD42F7000BECDC /* Quote.swift */ = {isa = PBXFileReference; lastKnownFileType = sourcecode.swift; path = Quote.swift; sourceTree = "<group>"; };
		12D72AB023CD4554000BECDC /* Quote+Convenience.swift */ = {isa = PBXFileReference; lastKnownFileType = sourcecode.swift; path = "Quote+Convenience.swift"; sourceTree = "<group>"; };
		1BB3DABBB0667D35BF858725 /* Pods-andIQuote.release.xcconfig */ = {isa = PBXFileReference; includeInIndex = 1; lastKnownFileType = text.xcconfig; name = "Pods-andIQuote.release.xcconfig"; path = "Target Support Files/Pods-andIQuote/Pods-andIQuote.release.xcconfig"; sourceTree = "<group>"; };
		3B5A273524ABBF630031809B /* GoogleService-Info.plist */ = {isa = PBXFileReference; fileEncoding = 4; lastKnownFileType = text.plist.xml; name = "GoogleService-Info.plist"; path = "../../../../Documents/GoogleService-Info.plist"; sourceTree = "<group>"; };
		3B75577024D8895300261269 /* AppColors.swift */ = {isa = PBXFileReference; lastKnownFileType = sourcecode.swift; path = AppColors.swift; sourceTree = "<group>"; };
		3B778ACB24D49EAD000731B1 /* andIQuoteUITests.xctest */ = {isa = PBXFileReference; explicitFileType = wrapper.cfbundle; includeInIndex = 0; path = andIQuoteUITests.xctest; sourceTree = BUILT_PRODUCTS_DIR; };
		3B778ACD24D49EAD000731B1 /* andIQuoteUITests.swift */ = {isa = PBXFileReference; lastKnownFileType = sourcecode.swift; path = andIQuoteUITests.swift; sourceTree = "<group>"; };
		3B778ACF24D49EAD000731B1 /* Info.plist */ = {isa = PBXFileReference; lastKnownFileType = text.plist.xml; path = Info.plist; sourceTree = "<group>"; };
		3B83815F24D4B18A0026962D /* TestPlan.xctestplan */ = {isa = PBXFileReference; lastKnownFileType = text; path = TestPlan.xctestplan; sourceTree = "<group>"; };
		3B83816024D4D9C80026962D /* andIQuoteUITests+Test.swift */ = {isa = PBXFileReference; lastKnownFileType = sourcecode.swift; path = "andIQuoteUITests+Test.swift"; sourceTree = "<group>"; };
		3B83816424D4DA9B0026962D /* andIQuoteUITests+UIElements.swift */ = {isa = PBXFileReference; lastKnownFileType = sourcecode.swift; path = "andIQuoteUITests+UIElements.swift"; sourceTree = "<group>"; };
		410A8ADF26336FBEB51DA16B /* Pods-andIQuote.debug.xcconfig */ = {isa = PBXFileReference; includeInIndex = 1; lastKnownFileType = text.xcconfig; name = "Pods-andIQuote.debug.xcconfig"; path = "Target Support Files/Pods-andIQuote/Pods-andIQuote.debug.xcconfig"; sourceTree = "<group>"; };
		C42EE0F323BEC6230045DF02 /* BackgroundCell.swift */ = {isa = PBXFileReference; lastKnownFileType = sourcecode.swift; path = BackgroundCell.swift; sourceTree = "<group>"; };
		C42EE0F823C285C50045DF02 /* QuoteUser.swift */ = {isa = PBXFileReference; lastKnownFileType = sourcecode.swift; path = QuoteUser.swift; sourceTree = "<group>"; };
		C42EE0FA23C2E1D00045DF02 /* UIView+Extensions.swift */ = {isa = PBXFileReference; lastKnownFileType = sourcecode.swift; path = "UIView+Extensions.swift"; sourceTree = "<group>"; };
		C43D444E23A47018005B2458 /* andIQuote.app */ = {isa = PBXFileReference; explicitFileType = wrapper.application; includeInIndex = 0; path = andIQuote.app; sourceTree = BUILT_PRODUCTS_DIR; };
		C43D445123A47018005B2458 /* AppDelegate.swift */ = {isa = PBXFileReference; lastKnownFileType = sourcecode.swift; path = AppDelegate.swift; sourceTree = "<group>"; };
		C43D445323A47018005B2458 /* SceneDelegate.swift */ = {isa = PBXFileReference; lastKnownFileType = sourcecode.swift; path = SceneDelegate.swift; sourceTree = "<group>"; };
		C43D445A23A4701C005B2458 /* Assets.xcassets */ = {isa = PBXFileReference; lastKnownFileType = folder.assetcatalog; path = Assets.xcassets; sourceTree = "<group>"; };
		C43D445D23A4701C005B2458 /* Base */ = {isa = PBXFileReference; lastKnownFileType = file.storyboard; name = Base; path = Base.lproj/LaunchScreen.storyboard; sourceTree = "<group>"; };
		C43D445F23A4701C005B2458 /* Info.plist */ = {isa = PBXFileReference; lastKnownFileType = text.plist.xml; path = Info.plist; sourceTree = "<group>"; };
		C43D446623A47138005B2458 /* QuoteCollectionViewController.swift */ = {isa = PBXFileReference; lastKnownFileType = sourcecode.swift; path = QuoteCollectionViewController.swift; sourceTree = "<group>"; };
		C43D446C23A48677005B2458 /* QuoteCollectionViewCell.swift */ = {isa = PBXFileReference; lastKnownFileType = sourcecode.swift; path = QuoteCollectionViewCell.swift; sourceTree = "<group>"; };
		C4F0E90D23AB3297005917A8 /* QuoteLibrary.swift */ = {isa = PBXFileReference; lastKnownFileType = sourcecode.swift; path = QuoteLibrary.swift; sourceTree = "<group>"; };
		C4F0E90F23AB330D005917A8 /* QuoteController.swift */ = {isa = PBXFileReference; lastKnownFileType = sourcecode.swift; path = QuoteController.swift; sourceTree = "<group>"; };
		C4FB3EFE23BAE4A70041B1BD /* ThemeSettingsCollectionViewController.swift */ = {isa = PBXFileReference; lastKnownFileType = sourcecode.swift; path = ThemeSettingsCollectionViewController.swift; sourceTree = "<group>"; };
		C4FB3F0023BBA8300041B1BD /* UIButton+SimpleButton.swift */ = {isa = PBXFileReference; lastKnownFileType = sourcecode.swift; path = "UIButton+SimpleButton.swift"; sourceTree = "<group>"; };
		C4FB3F0423BBC37C0041B1BD /* UIImage+mainViewSymbolConfig.swift */ = {isa = PBXFileReference; lastKnownFileType = sourcecode.swift; path = "UIImage+mainViewSymbolConfig.swift"; sourceTree = "<group>"; };
		E7BFE5C6BC44102ACCA820D8 /* Pods_andIQuote.framework */ = {isa = PBXFileReference; explicitFileType = wrapper.framework; includeInIndex = 0; path = Pods_andIQuote.framework; sourceTree = BUILT_PRODUCTS_DIR; };
/* End PBXFileReference section */

/* Begin PBXFrameworksBuildPhase section */
		3B778AC824D49EAD000731B1 /* Frameworks */ = {
			isa = PBXFrameworksBuildPhase;
			buildActionMask = 2147483647;
			files = (
			);
			runOnlyForDeploymentPostprocessing = 0;
		};
		C43D444B23A47018005B2458 /* Frameworks */ = {
			isa = PBXFrameworksBuildPhase;
			buildActionMask = 2147483647;
			files = (
				0EEDAEE7FD364532BBB8D121 /* Pods_andIQuote.framework in Frameworks */,
			);
			runOnlyForDeploymentPostprocessing = 0;
		};
/* End PBXFrameworksBuildPhase section */

/* Begin PBXGroup section */
		122C918423D775B9002045CE /* Protocols */ = {
			isa = PBXGroup;
			children = (
				122C915A23D6926F002045CE /* HomeControllerViewDelegate.swift */,
				122C918523D775E7002045CE /* SelfConfiguringCell.swift */,
				12033B3023DA709800987E8E /* SlideMenuEventsDelegate.swift */,
				124EAFBD23DF95CF00047558 /* ReminderCellButtonPressedDelegate.swift */,
				124BDA6424020A1900BC1E9B /* ThemeViewControllerDelegate.swift */,
			);
			path = Protocols;
			sourceTree = "<group>";
		};
		122F4B7E23D3EDCE004C2F34 /* QuoteApp ViewControllers */ = {
			isa = PBXGroup;
			children = (
				12AF1002241308170025B134 /* QuotesViewController.swift */,
				12A2B64623FBA0310086F585 /* ThemeViewController.swift */,
				12A76B5D23DD40B800026C28 /* DailyReminderViewController.swift */,
				12870F042417F30800EF5DAE /* CreateQuoteViewController.swift */,
				12870F06241841D100EF5DAE /* SearchViewController.swift */,
			);
			path = "QuoteApp ViewControllers";
			sourceTree = "<group>";
		};
		122F4B7F23D3EDF8004C2F34 /* Navigation ViewControllers */ = {
			isa = PBXGroup;
			children = (
				122F4B7C23D3EDC5004C2F34 /* MainContainerViewController.swift */,
				122F4B8023D3EF36004C2F34 /* SlideMenuViewController.swift */,
			);
			path = "Navigation ViewControllers";
			sourceTree = "<group>";
		};
		12D72AAD23CD42C8000BECDC /* Core Data */ = {
			isa = PBXGroup;
			children = (
				12D72AAA23CD41C4000BECDC /* Quote.xcdatamodeld */,
				12D72AAE23CD42F7000BECDC /* Quote.swift */,
				12D72AB023CD4554000BECDC /* Quote+Convenience.swift */,
			);
			path = "Core Data";
			sourceTree = "<group>";
		};
		3B778ACC24D49EAD000731B1 /* andIQuoteUITests */ = {
			isa = PBXGroup;
			children = (
				3B778ACD24D49EAD000731B1 /* andIQuoteUITests.swift */,
				3B83816024D4D9C80026962D /* andIQuoteUITests+Test.swift */,
				3B83816424D4DA9B0026962D /* andIQuoteUITests+UIElements.swift */,
				3B778ACF24D49EAD000731B1 /* Info.plist */,
				3B83815F24D4B18A0026962D /* TestPlan.xctestplan */,
				3B75577024D8895300261269 /* AppColors.swift */,
			);
			path = andIQuoteUITests;
			sourceTree = "<group>";
		};
		3D858A6172EAE387DF38FA05 /* Frameworks */ = {
			isa = PBXGroup;
			children = (
				1231707023D1402700EBF261 /* NotificationCenter.framework */,
				E7BFE5C6BC44102ACCA820D8 /* Pods_andIQuote.framework */,
			);
			name = Frameworks;
			sourceTree = "<group>";
		};
		C42EE0F523BECD780045DF02 /* Trash */ = {
			isa = PBXGroup;
			children = (
				12525E3823E2488B0010A663 /* QuoteCollectionViewController+Gestures.swift */,
				C43D446623A47138005B2458 /* QuoteCollectionViewController.swift */,
				0788B03D23C569C2001D00E3 /* OffLineQuotes.json */,
				C42EE0F323BEC6230045DF02 /* BackgroundCell.swift */,
				C4FB3EFE23BAE4A70041B1BD /* ThemeSettingsCollectionViewController.swift */,
			);
			path = Trash;
			sourceTree = "<group>";
		};
		C43D444523A47018005B2458 = {
			isa = PBXGroup;
			children = (
				C43D445023A47018005B2458 /* andIQuote */,
				3B778ACC24D49EAD000731B1 /* andIQuoteUITests */,
				C43D444F23A47018005B2458 /* Products */,
				FC694681BB32D3EB48BEEEB9 /* Pods */,
				3D858A6172EAE387DF38FA05 /* Frameworks */,
			);
			sourceTree = "<group>";
		};
		C43D444F23A47018005B2458 /* Products */ = {
			isa = PBXGroup;
			children = (
				C43D444E23A47018005B2458 /* andIQuote.app */,
				3B778ACB24D49EAD000731B1 /* andIQuoteUITests.xctest */,
			);
			name = Products;
			sourceTree = "<group>";
		};
		C43D445023A47018005B2458 /* andIQuote */ = {
			isa = PBXGroup;
			children = (
				12525E3A23E275B00010A663 /* andIQuote.entitlements */,
				C43D445123A47018005B2458 /* AppDelegate.swift */,
				C43D445323A47018005B2458 /* SceneDelegate.swift */,
				122C918423D775B9002045CE /* Protocols */,
				C4FB3F0623BBCC120041B1BD /* Extensions */,
				C43D446823A4713F005B2458 /* View Controllers */,
				C43D446B23A47ED7005B2458 /* Model */,
				C4F0E91123AB3AFC005917A8 /* Model Controller */,
				C43D446523A4705C005B2458 /* Resources */,
			);
			path = andIQuote;
			sourceTree = "<group>";
		};
		C43D446523A4705C005B2458 /* Resources */ = {
			isa = PBXGroup;
			children = (
				3B5A273524ABBF630031809B /* GoogleService-Info.plist */,
				C42EE0F523BECD780045DF02 /* Trash */,
				C43D445C23A4701C005B2458 /* LaunchScreen.storyboard */,
				C43D445A23A4701C005B2458 /* Assets.xcassets */,
				C43D445F23A4701C005B2458 /* Info.plist */,
			);
			path = Resources;
			sourceTree = "<group>";
		};
		C43D446823A4713F005B2458 /* View Controllers */ = {
			isa = PBXGroup;
			children = (
				C43D446E23A4867F005B2458 /* Views */,
				122F4B7E23D3EDCE004C2F34 /* QuoteApp ViewControllers */,
				122F4B7F23D3EDF8004C2F34 /* Navigation ViewControllers */,
			);
			path = "View Controllers";
			sourceTree = "<group>";
		};
		C43D446B23A47ED7005B2458 /* Model */ = {
			isa = PBXGroup;
			children = (
				C4F0E90D23AB3297005917A8 /* QuoteLibrary.swift */,
				12D72AAD23CD42C8000BECDC /* Core Data */,
				C42EE0F823C285C50045DF02 /* QuoteUser.swift */,
				122C919A23D90FFD002045CE /* SlideMenuItem.swift */,
			);
			path = Model;
			sourceTree = "<group>";
		};
		C43D446E23A4867F005B2458 /* Views */ = {
			isa = PBXGroup;
			children = (
				C43D446C23A48677005B2458 /* QuoteCollectionViewCell.swift */,
				122F4B8223D5320C004C2F34 /* MenuCollectionViewCell.swift */,
				121B5F2723DE977E00569569 /* DailyReminderView.swift */,
			);
			path = Views;
			sourceTree = "<group>";
		};
		C4F0E91123AB3AFC005917A8 /* Model Controller */ = {
			isa = PBXGroup;
			children = (
				C4F0E90F23AB330D005917A8 /* QuoteController.swift */,
				0788B03923C56820001D00E3 /* FirestoreController.swift */,
			);
			path = "Model Controller";
			sourceTree = "<group>";
		};
		C4FB3F0623BBCC120041B1BD /* Extensions */ = {
			isa = PBXGroup;
			children = (
				C4FB3F0023BBA8300041B1BD /* UIButton+SimpleButton.swift */,
				C4FB3F0423BBC37C0041B1BD /* UIImage+mainViewSymbolConfig.swift */,
				C42EE0FA23C2E1D00045DF02 /* UIView+Extensions.swift */,
				12A76B5F23DD4A9500026C28 /* NSAttributeString+Strings.swift */,
			);
			path = Extensions;
			sourceTree = "<group>";
		};
		FC694681BB32D3EB48BEEEB9 /* Pods */ = {
			isa = PBXGroup;
			children = (
				410A8ADF26336FBEB51DA16B /* Pods-andIQuote.debug.xcconfig */,
				1BB3DABBB0667D35BF858725 /* Pods-andIQuote.release.xcconfig */,
			);
			path = Pods;
			sourceTree = "<group>";
		};
/* End PBXGroup section */

/* Begin PBXNativeTarget section */
		3B778ACA24D49EAD000731B1 /* andIQuoteUITests */ = {
			isa = PBXNativeTarget;
			buildConfigurationList = 3B778AD424D49EAD000731B1 /* Build configuration list for PBXNativeTarget "andIQuoteUITests" */;
			buildPhases = (
				3B778AC724D49EAD000731B1 /* Sources */,
				3B778AC824D49EAD000731B1 /* Frameworks */,
				3B778AC924D49EAD000731B1 /* Resources */,
			);
			buildRules = (
			);
			dependencies = (
				3B778AD124D49EAD000731B1 /* PBXTargetDependency */,
			);
			name = andIQuoteUITests;
			productName = andIQuoteUITests;
			productReference = 3B778ACB24D49EAD000731B1 /* andIQuoteUITests.xctest */;
			productType = "com.apple.product-type.bundle.ui-testing";
		};
		C43D444D23A47018005B2458 /* andIQuote */ = {
			isa = PBXNativeTarget;
			buildConfigurationList = C43D446223A4701C005B2458 /* Build configuration list for PBXNativeTarget "andIQuote" */;
			buildPhases = (
				D858B12EF98A2C1D89F7D7B2 /* [CP] Check Pods Manifest.lock */,
				C43D444A23A47018005B2458 /* Sources */,
				C43D444B23A47018005B2458 /* Frameworks */,
				C43D444C23A47018005B2458 /* Resources */,
				0CB91FC56AEA1BAC395B47C4 /* [CP] Embed Pods Frameworks */,
				1231707F23D1402700EBF261 /* Embed App Extensions */,
			);
			buildRules = (
			);
			dependencies = (
			);
			name = andIQuote;
			productName = andIQuote;
			productReference = C43D444E23A47018005B2458 /* andIQuote.app */;
			productType = "com.apple.product-type.application";
		};
/* End PBXNativeTarget section */

/* Begin PBXProject section */
		C43D444623A47018005B2458 /* Project object */ = {
			isa = PBXProject;
			attributes = {
				LastSwiftUpdateCheck = 1160;
				LastUpgradeCheck = 1130;
				ORGANIZATIONNAME = Hector;
				TargetAttributes = {
					3B778ACA24D49EAD000731B1 = {
						CreatedOnToolsVersion = 11.6;
						TestTargetID = C43D444D23A47018005B2458;
					};
					C43D444D23A47018005B2458 = {
						CreatedOnToolsVersion = 11.3;
					};
				};
			};
			buildConfigurationList = C43D444923A47018005B2458 /* Build configuration list for PBXProject "andIQuote" */;
			compatibilityVersion = "Xcode 9.3";
			developmentRegion = en;
			hasScannedForEncodings = 0;
			knownRegions = (
				en,
				Base,
			);
			mainGroup = C43D444523A47018005B2458;
			productRefGroup = C43D444F23A47018005B2458 /* Products */;
			projectDirPath = "";
			projectRoot = "";
			targets = (
				C43D444D23A47018005B2458 /* andIQuote */,
				3B778ACA24D49EAD000731B1 /* andIQuoteUITests */,
			);
		};
/* End PBXProject section */

/* Begin PBXResourcesBuildPhase section */
		3B778AC924D49EAD000731B1 /* Resources */ = {
			isa = PBXResourcesBuildPhase;
			buildActionMask = 2147483647;
			files = (
			);
			runOnlyForDeploymentPostprocessing = 0;
		};
		C43D444C23A47018005B2458 /* Resources */ = {
			isa = PBXResourcesBuildPhase;
			buildActionMask = 2147483647;
			files = (
				C43D445E23A4701C005B2458 /* LaunchScreen.storyboard in Resources */,
				3B5A273624ABBF630031809B /* GoogleService-Info.plist in Resources */,
				C43D445B23A4701C005B2458 /* Assets.xcassets in Resources */,
				0788B03E23C569C2001D00E3 /* OffLineQuotes.json in Resources */,
			);
			runOnlyForDeploymentPostprocessing = 0;
		};
/* End PBXResourcesBuildPhase section */

/* Begin PBXShellScriptBuildPhase section */
		0CB91FC56AEA1BAC395B47C4 /* [CP] Embed Pods Frameworks */ = {
			isa = PBXShellScriptBuildPhase;
			buildActionMask = 2147483647;
			files = (
			);
			inputFileListPaths = (
				"${PODS_ROOT}/Target Support Files/Pods-andIQuote/Pods-andIQuote-frameworks-${CONFIGURATION}-input-files.xcfilelist",
			);
			name = "[CP] Embed Pods Frameworks";
			outputFileListPaths = (
				"${PODS_ROOT}/Target Support Files/Pods-andIQuote/Pods-andIQuote-frameworks-${CONFIGURATION}-output-files.xcfilelist",
			);
			runOnlyForDeploymentPostprocessing = 0;
			shellPath = /bin/sh;
			shellScript = "\"${PODS_ROOT}/Target Support Files/Pods-andIQuote/Pods-andIQuote-frameworks.sh\"\n";
			showEnvVarsInLog = 0;
		};
		D858B12EF98A2C1D89F7D7B2 /* [CP] Check Pods Manifest.lock */ = {
			isa = PBXShellScriptBuildPhase;
			buildActionMask = 2147483647;
			files = (
			);
			inputFileListPaths = (
			);
			inputPaths = (
				"${PODS_PODFILE_DIR_PATH}/Podfile.lock",
				"${PODS_ROOT}/Manifest.lock",
			);
			name = "[CP] Check Pods Manifest.lock";
			outputFileListPaths = (
			);
			outputPaths = (
				"$(DERIVED_FILE_DIR)/Pods-andIQuote-checkManifestLockResult.txt",
			);
			runOnlyForDeploymentPostprocessing = 0;
			shellPath = /bin/sh;
			shellScript = "diff \"${PODS_PODFILE_DIR_PATH}/Podfile.lock\" \"${PODS_ROOT}/Manifest.lock\" > /dev/null\nif [ $? != 0 ] ; then\n    # print error to STDERR\n    echo \"error: The sandbox is not in sync with the Podfile.lock. Run 'pod install' or update your CocoaPods installation.\" >&2\n    exit 1\nfi\n# This output is used by Xcode 'outputs' to avoid re-running this script phase.\necho \"SUCCESS\" > \"${SCRIPT_OUTPUT_FILE_0}\"\n";
			showEnvVarsInLog = 0;
		};
/* End PBXShellScriptBuildPhase section */

/* Begin PBXSourcesBuildPhase section */
		3B778AC724D49EAD000731B1 /* Sources */ = {
			isa = PBXSourcesBuildPhase;
			buildActionMask = 2147483647;
			files = (
				3B83816124D4D9C80026962D /* andIQuoteUITests+Test.swift in Sources */,
				3B75577124D8895300261269 /* AppColors.swift in Sources */,
				3B83816524D4DA9B0026962D /* andIQuoteUITests+UIElements.swift in Sources */,
				3B778ACE24D49EAD000731B1 /* andIQuoteUITests.swift in Sources */,
			);
			runOnlyForDeploymentPostprocessing = 0;
		};
		C43D444A23A47018005B2458 /* Sources */ = {
			isa = PBXSourcesBuildPhase;
			buildActionMask = 2147483647;
			files = (
				124EAFBE23DF95CF00047558 /* ReminderCellButtonPressedDelegate.swift in Sources */,
				124BDA6524020A1900BC1E9B /* ThemeViewControllerDelegate.swift in Sources */,
				C4F0E91023AB330D005917A8 /* QuoteController.swift in Sources */,
				12033B3123DA709800987E8E /* SlideMenuEventsDelegate.swift in Sources */,
				C43D446723A47138005B2458 /* QuoteCollectionViewController.swift in Sources */,
				122C918623D775E7002045CE /* SelfConfiguringCell.swift in Sources */,
				122C919B23D90FFD002045CE /* SlideMenuItem.swift in Sources */,
				12525E3923E2488B0010A663 /* QuoteCollectionViewController+Gestures.swift in Sources */,
				12D72AAC23CD41C4000BECDC /* Quote.xcdatamodeld in Sources */,
				C43D446D23A48677005B2458 /* QuoteCollectionViewCell.swift in Sources */,
				122F4B8323D5320D004C2F34 /* MenuCollectionViewCell.swift in Sources */,
				C42EE0F923C285C50045DF02 /* QuoteUser.swift in Sources */,
				12870F07241841D100EF5DAE /* SearchViewController.swift in Sources */,
				C42EE0FB23C2E1D00045DF02 /* UIView+Extensions.swift in Sources */,
				C4FB3F0123BBA8300041B1BD /* UIButton+SimpleButton.swift in Sources */,
				C4FB3F0523BBC37C0041B1BD /* UIImage+mainViewSymbolConfig.swift in Sources */,
				122C915B23D6926F002045CE /* HomeControllerViewDelegate.swift in Sources */,
				12D72AAF23CD42F7000BECDC /* Quote.swift in Sources */,
				12D72AB123CD4554000BECDC /* Quote+Convenience.swift in Sources */,
				122F4B8123D3EF36004C2F34 /* SlideMenuViewController.swift in Sources */,
				122F4B7D23D3EDC5004C2F34 /* MainContainerViewController.swift in Sources */,
				C43D445223A47018005B2458 /* AppDelegate.swift in Sources */,
				0788B03A23C56820001D00E3 /* FirestoreController.swift in Sources */,
				12A76B5E23DD40B800026C28 /* DailyReminderViewController.swift in Sources */,
				C4F0E90E23AB3297005917A8 /* QuoteLibrary.swift in Sources */,
				12A2B64723FBA0310086F585 /* ThemeViewController.swift in Sources */,
				12A76B6023DD4A9500026C28 /* NSAttributeString+Strings.swift in Sources */,
				C42EE0F423BEC6230045DF02 /* BackgroundCell.swift in Sources */,
				12870F052417F30800EF5DAE /* CreateQuoteViewController.swift in Sources */,
				C43D445423A47018005B2458 /* SceneDelegate.swift in Sources */,
				C4FB3EFF23BAE4A70041B1BD /* ThemeSettingsCollectionViewController.swift in Sources */,
				12AF1003241308170025B134 /* QuotesViewController.swift in Sources */,
				121B5F2823DE977E00569569 /* DailyReminderView.swift in Sources */,
			);
			runOnlyForDeploymentPostprocessing = 0;
		};
/* End PBXSourcesBuildPhase section */

/* Begin PBXTargetDependency section */
		3B778AD124D49EAD000731B1 /* PBXTargetDependency */ = {
			isa = PBXTargetDependency;
			target = C43D444D23A47018005B2458 /* andIQuote */;
			targetProxy = 3B778AD024D49EAD000731B1 /* PBXContainerItemProxy */;
		};
/* End PBXTargetDependency section */

/* Begin PBXVariantGroup section */
		C43D445C23A4701C005B2458 /* LaunchScreen.storyboard */ = {
			isa = PBXVariantGroup;
			children = (
				C43D445D23A4701C005B2458 /* Base */,
			);
			name = LaunchScreen.storyboard;
			sourceTree = "<group>";
		};
/* End PBXVariantGroup section */

/* Begin XCBuildConfiguration section */
		3B778AD224D49EAD000731B1 /* Debug */ = {
			isa = XCBuildConfiguration;
			buildSettings = {
				CODE_SIGN_STYLE = Automatic;
				DEVELOPMENT_TEAM = 97AS6JS382;
				INFOPLIST_FILE = andIQuoteUITests/Info.plist;
				IPHONEOS_DEPLOYMENT_TARGET = 13.6;
				LD_RUNPATH_SEARCH_PATHS = (
					"$(inherited)",
					"@executable_path/Frameworks",
					"@loader_path/Frameworks",
				);
				PRODUCT_BUNDLE_IDENTIFIER = com.hectorstevenvillasano.andIQuoteUITests;
				PRODUCT_NAME = "$(TARGET_NAME)";
				SWIFT_VERSION = 5.0;
				TARGETED_DEVICE_FAMILY = "1,2";
				TEST_TARGET_NAME = andIQuote;
			};
			name = Debug;
		};
		3B778AD324D49EAD000731B1 /* Release */ = {
			isa = XCBuildConfiguration;
			buildSettings = {
				CODE_SIGN_STYLE = Automatic;
				DEVELOPMENT_TEAM = 97AS6JS382;
				INFOPLIST_FILE = andIQuoteUITests/Info.plist;
				IPHONEOS_DEPLOYMENT_TARGET = 13.6;
				LD_RUNPATH_SEARCH_PATHS = (
					"$(inherited)",
					"@executable_path/Frameworks",
					"@loader_path/Frameworks",
				);
				PRODUCT_BUNDLE_IDENTIFIER = com.hectorstevenvillasano.andIQuoteUITests;
				PRODUCT_NAME = "$(TARGET_NAME)";
				SWIFT_VERSION = 5.0;
				TARGETED_DEVICE_FAMILY = "1,2";
				TEST_TARGET_NAME = andIQuote;
			};
			name = Release;
		};
		C43D446023A4701C005B2458 /* Debug */ = {
			isa = XCBuildConfiguration;
			buildSettings = {
				ALWAYS_SEARCH_USER_PATHS = NO;
				CLANG_ANALYZER_NONNULL = YES;
				CLANG_ANALYZER_NUMBER_OBJECT_CONVERSION = YES_AGGRESSIVE;
				CLANG_CXX_LANGUAGE_STANDARD = "gnu++14";
				CLANG_CXX_LIBRARY = "libc++";
				CLANG_ENABLE_MODULES = YES;
				CLANG_ENABLE_OBJC_ARC = YES;
				CLANG_ENABLE_OBJC_WEAK = YES;
				CLANG_WARN_BLOCK_CAPTURE_AUTORELEASING = YES;
				CLANG_WARN_BOOL_CONVERSION = YES;
				CLANG_WARN_COMMA = YES;
				CLANG_WARN_CONSTANT_CONVERSION = YES;
				CLANG_WARN_DEPRECATED_OBJC_IMPLEMENTATIONS = YES;
				CLANG_WARN_DIRECT_OBJC_ISA_USAGE = YES_ERROR;
				CLANG_WARN_DOCUMENTATION_COMMENTS = YES;
				CLANG_WARN_EMPTY_BODY = YES;
				CLANG_WARN_ENUM_CONVERSION = YES;
				CLANG_WARN_INFINITE_RECURSION = YES;
				CLANG_WARN_INT_CONVERSION = YES;
				CLANG_WARN_NON_LITERAL_NULL_CONVERSION = YES;
				CLANG_WARN_OBJC_IMPLICIT_RETAIN_SELF = YES;
				CLANG_WARN_OBJC_LITERAL_CONVERSION = YES;
				CLANG_WARN_OBJC_ROOT_CLASS = YES_ERROR;
				CLANG_WARN_RANGE_LOOP_ANALYSIS = YES;
				CLANG_WARN_STRICT_PROTOTYPES = YES;
				CLANG_WARN_SUSPICIOUS_MOVE = YES;
				CLANG_WARN_UNGUARDED_AVAILABILITY = YES_AGGRESSIVE;
				CLANG_WARN_UNREACHABLE_CODE = YES;
				CLANG_WARN__DUPLICATE_METHOD_MATCH = YES;
				COPY_PHASE_STRIP = NO;
				DEBUG_INFORMATION_FORMAT = dwarf;
				ENABLE_STRICT_OBJC_MSGSEND = YES;
				ENABLE_TESTABILITY = YES;
				GCC_C_LANGUAGE_STANDARD = gnu11;
				GCC_DYNAMIC_NO_PIC = NO;
				GCC_NO_COMMON_BLOCKS = YES;
				GCC_OPTIMIZATION_LEVEL = 0;
				GCC_PREPROCESSOR_DEFINITIONS = (
					"DEBUG=1",
					"$(inherited)",
				);
				GCC_WARN_64_TO_32_BIT_CONVERSION = YES;
				GCC_WARN_ABOUT_RETURN_TYPE = YES_ERROR;
				GCC_WARN_UNDECLARED_SELECTOR = YES;
				GCC_WARN_UNINITIALIZED_AUTOS = YES_AGGRESSIVE;
				GCC_WARN_UNUSED_FUNCTION = YES;
				GCC_WARN_UNUSED_VARIABLE = YES;
				IPHONEOS_DEPLOYMENT_TARGET = 13.2;
				MTL_ENABLE_DEBUG_INFO = INCLUDE_SOURCE;
				MTL_FAST_MATH = YES;
				ONLY_ACTIVE_ARCH = YES;
				SDKROOT = iphoneos;
				SWIFT_ACTIVE_COMPILATION_CONDITIONS = DEBUG;
				SWIFT_OPTIMIZATION_LEVEL = "-Onone";
			};
			name = Debug;
		};
		C43D446123A4701C005B2458 /* Release */ = {
			isa = XCBuildConfiguration;
			buildSettings = {
				ALWAYS_SEARCH_USER_PATHS = NO;
				CLANG_ANALYZER_NONNULL = YES;
				CLANG_ANALYZER_NUMBER_OBJECT_CONVERSION = YES_AGGRESSIVE;
				CLANG_CXX_LANGUAGE_STANDARD = "gnu++14";
				CLANG_CXX_LIBRARY = "libc++";
				CLANG_ENABLE_MODULES = YES;
				CLANG_ENABLE_OBJC_ARC = YES;
				CLANG_ENABLE_OBJC_WEAK = YES;
				CLANG_WARN_BLOCK_CAPTURE_AUTORELEASING = YES;
				CLANG_WARN_BOOL_CONVERSION = YES;
				CLANG_WARN_COMMA = YES;
				CLANG_WARN_CONSTANT_CONVERSION = YES;
				CLANG_WARN_DEPRECATED_OBJC_IMPLEMENTATIONS = YES;
				CLANG_WARN_DIRECT_OBJC_ISA_USAGE = YES_ERROR;
				CLANG_WARN_DOCUMENTATION_COMMENTS = YES;
				CLANG_WARN_EMPTY_BODY = YES;
				CLANG_WARN_ENUM_CONVERSION = YES;
				CLANG_WARN_INFINITE_RECURSION = YES;
				CLANG_WARN_INT_CONVERSION = YES;
				CLANG_WARN_NON_LITERAL_NULL_CONVERSION = YES;
				CLANG_WARN_OBJC_IMPLICIT_RETAIN_SELF = YES;
				CLANG_WARN_OBJC_LITERAL_CONVERSION = YES;
				CLANG_WARN_OBJC_ROOT_CLASS = YES_ERROR;
				CLANG_WARN_RANGE_LOOP_ANALYSIS = YES;
				CLANG_WARN_STRICT_PROTOTYPES = YES;
				CLANG_WARN_SUSPICIOUS_MOVE = YES;
				CLANG_WARN_UNGUARDED_AVAILABILITY = YES_AGGRESSIVE;
				CLANG_WARN_UNREACHABLE_CODE = YES;
				CLANG_WARN__DUPLICATE_METHOD_MATCH = YES;
				COPY_PHASE_STRIP = NO;
				DEBUG_INFORMATION_FORMAT = "dwarf-with-dsym";
				ENABLE_NS_ASSERTIONS = NO;
				ENABLE_STRICT_OBJC_MSGSEND = YES;
				GCC_C_LANGUAGE_STANDARD = gnu11;
				GCC_NO_COMMON_BLOCKS = YES;
				GCC_WARN_64_TO_32_BIT_CONVERSION = YES;
				GCC_WARN_ABOUT_RETURN_TYPE = YES_ERROR;
				GCC_WARN_UNDECLARED_SELECTOR = YES;
				GCC_WARN_UNINITIALIZED_AUTOS = YES_AGGRESSIVE;
				GCC_WARN_UNUSED_FUNCTION = YES;
				GCC_WARN_UNUSED_VARIABLE = YES;
				IPHONEOS_DEPLOYMENT_TARGET = 13.2;
				MTL_ENABLE_DEBUG_INFO = NO;
				MTL_FAST_MATH = YES;
				SDKROOT = iphoneos;
				SWIFT_COMPILATION_MODE = wholemodule;
				SWIFT_OPTIMIZATION_LEVEL = "-O";
				VALIDATE_PRODUCT = YES;
			};
			name = Release;
		};
		C43D446323A4701C005B2458 /* Debug */ = {
			isa = XCBuildConfiguration;
			baseConfigurationReference = 410A8ADF26336FBEB51DA16B /* Pods-andIQuote.debug.xcconfig */;
			buildSettings = {
				ALWAYS_EMBED_SWIFT_STANDARD_LIBRARIES = YES;
				ASSETCATALOG_COMPILER_APPICON_NAME = AppIcon;
				CODE_SIGN_ENTITLEMENTS = andIQuote/andIQuote.entitlements;
				CODE_SIGN_STYLE = Automatic;
				CURRENT_PROJECT_VERSION = 1.11;
				DEVELOPMENT_TEAM = 97AS6JS382;
				INFOPLIST_FILE = andIQuote/Resources/Info.plist;
				LD_RUNPATH_SEARCH_PATHS = (
					"$(inherited)",
					"@executable_path/Frameworks",
				);
				MARKETING_VERSION = 10;
				PRODUCT_BUNDLE_IDENTIFIER = com.hectorstevenvillasano.andIQuote;
				PRODUCT_NAME = "$(TARGET_NAME)";
				SUPPORTS_MACCATALYST = NO;
				SWIFT_VERSION = 5.0;
				TARGETED_DEVICE_FAMILY = "1,2";
			};
			name = Debug;
		};
		C43D446423A4701C005B2458 /* Release */ = {
			isa = XCBuildConfiguration;
			baseConfigurationReference = 1BB3DABBB0667D35BF858725 /* Pods-andIQuote.release.xcconfig */;
			buildSettings = {
				ALWAYS_EMBED_SWIFT_STANDARD_LIBRARIES = YES;
				ASSETCATALOG_COMPILER_APPICON_NAME = AppIcon;
				CODE_SIGN_ENTITLEMENTS = andIQuote/andIQuote.entitlements;
				CODE_SIGN_STYLE = Automatic;
				CURRENT_PROJECT_VERSION = 1.11;
				DEVELOPMENT_TEAM = 97AS6JS382;
				INFOPLIST_FILE = andIQuote/Resources/Info.plist;
				LD_RUNPATH_SEARCH_PATHS = (
					"$(inherited)",
					"@executable_path/Frameworks",
				);
				MARKETING_VERSION = 10;
				PRODUCT_BUNDLE_IDENTIFIER = com.hectorstevenvillasano.andIQuote;
				PRODUCT_NAME = "$(TARGET_NAME)";
				SUPPORTS_MACCATALYST = NO;
				SWIFT_VERSION = 5.0;
				TARGETED_DEVICE_FAMILY = "1,2";
			};
			name = Release;
		};
/* End XCBuildConfiguration section */

/* Begin XCConfigurationList section */
		3B778AD424D49EAD000731B1 /* Build configuration list for PBXNativeTarget "andIQuoteUITests" */ = {
			isa = XCConfigurationList;
			buildConfigurations = (
				3B778AD224D49EAD000731B1 /* Debug */,
				3B778AD324D49EAD000731B1 /* Release */,
			);
			defaultConfigurationIsVisible = 0;
			defaultConfigurationName = Release;
		};
		C43D444923A47018005B2458 /* Build configuration list for PBXProject "andIQuote" */ = {
			isa = XCConfigurationList;
			buildConfigurations = (
				C43D446023A4701C005B2458 /* Debug */,
				C43D446123A4701C005B2458 /* Release */,
			);
			defaultConfigurationIsVisible = 0;
			defaultConfigurationName = Release;
		};
		C43D446223A4701C005B2458 /* Build configuration list for PBXNativeTarget "andIQuote" */ = {
			isa = XCConfigurationList;
			buildConfigurations = (
				C43D446323A4701C005B2458 /* Debug */,
				C43D446423A4701C005B2458 /* Release */,
			);
			defaultConfigurationIsVisible = 0;
			defaultConfigurationName = Release;
		};
/* End XCConfigurationList section */

/* Begin XCVersionGroup section */
		12D72AAA23CD41C4000BECDC /* Quote.xcdatamodeld */ = {
			isa = XCVersionGroup;
			children = (
				12D72AAB23CD41C4000BECDC /* Quote.xcdatamodel */,
			);
			currentVersion = 12D72AAB23CD41C4000BECDC /* Quote.xcdatamodel */;
			path = Quote.xcdatamodeld;
			sourceTree = "<group>";
			versionGroupType = wrapper.xcdatamodel;
		};
/* End XCVersionGroup section */
	};
	rootObject = C43D444623A47018005B2458 /* Project object */;
}
